
Microsoft Visual Studio Solution File, Format Version 12.00
# Visual Studio Version 17
VisualStudioVersion = 17.7.33711.374
MinimumVisualStudioVersion = 10.0.40219.1
Project("{9A19103F-16F7-4668-BE54-9A1E7A4F7556}") = "BulkyWeb", "BulkyWeb\BulkyWeb.csproj", "{C93A4F0B-560B-4993-935B-0301E490AEE2}"
EndProject
Project("{FAE04EC0-301F-11D3-BF4B-00C04F79EFBC}") = "Bulky.DataAccess", "Bulky.DataAccess\Bulky.DataAccess.csproj", "{C140B33C-5627-4196-BF9F-C599B142585A}"
EndProject
Project("{FAE04EC0-301F-11D3-BF4B-00C04F79EFBC}") = "Bulky.Models", "Bulky.Models\Bulky.Models.csproj", "{7132F8E6-365C-4552-8DEA-57E28597CC91}"
EndProject
Project("{FAE04EC0-301F-11D3-BF4B-00C04F79EFBC}") = "Bulky.Utility", "Bulky.Utility\Bulky.Utility.csproj", "{E2FDDEA0-A61A-4834-9AA2-A9FAD60F8270}"
EndProject
Global
	GlobalSection(SolutionConfigurationPlatforms) = preSolution
		Debug|Any CPU = Debug|Any CPU
		Release|Any CPU = Release|Any CPU
	EndGlobalSection
	GlobalSection(ProjectConfigurationPlatforms) = postSolution
		{C93A4F0B-560B-4993-935B-0301E490AEE2}.Debug|Any CPU.ActiveCfg = Debug|Any CPU
		{C93A4F0B-560B-4993-935B-0301E490AEE2}.Debug|Any CPU.Build.0 = Debug|Any CPU
		{C93A4F0B-560B-4993-935B-0301E490AEE2}.Release|Any CPU.ActiveCfg = Release|Any CPU
		{C93A4F0B-560B-4993-935B-0301E490AEE2}.Release|Any CPU.Build.0 = Release|Any CPU
		{C140B33C-5627-4196-BF9F-C599B142585A}.Debug|Any CPU.ActiveCfg = Debug|Any CPU
		{C140B33C-5627-4196-BF9F-C599B142585A}.Debug|Any CPU.Build.0 = Debug|Any CPU
		{C140B33C-5627-4196-BF9F-C599B142585A}.Release|Any CPU.ActiveCfg = Release|Any CPU
		{C140B33C-5627-4196-BF9F-C599B142585A}.Release|Any CPU.Build.0 = Release|Any CPU
		{7132F8E6-365C-4552-8DEA-57E28597CC91}.Debug|Any CPU.ActiveCfg = Debug|Any CPU
		{7132F8E6-365C-4552-8DEA-57E28597CC91}.Debug|Any CPU.Build.0 = Debug|Any CPU
		{7132F8E6-365C-4552-8DEA-57E28597CC91}.Release|Any CPU.ActiveCfg = Release|Any CPU
		{7132F8E6-365C-4552-8DEA-57E28597CC91}.Release|Any CPU.Build.0 = Release|Any CPU
		{E2FDDEA0-A61A-4834-9AA2-A9FAD60F8270}.Debug|Any CPU.ActiveCfg = Debug|Any CPU
		{E2FDDEA0-A61A-4834-9AA2-A9FAD60F8270}.Debug|Any CPU.Build.0 = Debug|Any CPU
		{E2FDDEA0-A61A-4834-9AA2-A9FAD60F8270}.Release|Any CPU.ActiveCfg = Release|Any CPU
		{E2FDDEA0-A61A-4834-9AA2-A9FAD60F8270}.Release|Any CPU.Build.0 = Release|Any CPU
	EndGlobalSection
	GlobalSection(SolutionProperties) = preSolution
		HideSolutionNode = FALSE
	EndGlobalSection
	GlobalSection(ExtensibilityGlobals) = postSolution
		SolutionGuid = {5BD584E0-1EFB-4CF5-866A-63F9F6D496D0}
	EndGlobalSection
EndGlobal
